schema: '2.0'
stages:
  preprocess:
    cmd: python src/preprocess.py
    deps:
    - path: data/raw/housing.csv
      hash: md5
      md5: fa948aea2fe2303ac1ef1c73145b6419
      size: 578070
    - path: src/preprocess.py
      hash: md5
      md5: 3ce366fa0352881f40e636f0934abe5d
      size: 314
    outs:
    - path: data/processed/train.csv
      hash: md5
      md5: 1d2e06668717b7eaab795ab30b721f2d
      size: 326739
  train:
    cmd: python src/train.py
    deps:
    - path: data/processed/train.csv
      hash: md5
      md5: 1d2e06668717b7eaab795ab30b721f2d
      size: 326739
    - path: src/train.py
      hash: md5
      md5: f56e733ddad6140da9d81ccc11da556f
      size: 1398
    outs:
    - path: models/model.pkl
      hash: md5
      md5: 729730d5fabd0bcf43399c4f293b2344
      size: 486465
