schema: '2.0'
stages:
  preprocess:
    cmd: python src/preprocess.py
    deps:
    - path: data/raw/housing.csv
      hash: md5
      md5: 124f6b77cb08721550ea1c9e118b1691
      size: 577963
    - path: src/preprocess.py
      hash: md5
      md5: 3ce366fa0352881f40e636f0934abe5d
      size: 314
    outs:
    - path: data/processed/train.csv
      hash: md5
      md5: 836da3cc1ded533fad68e6fec89aba0e
      size: 326676
  train:
    cmd: python src/train.py
    deps:
    - path: data/processed/train.csv
      hash: md5
      md5: 836da3cc1ded533fad68e6fec89aba0e
      size: 326676
    - path: src/train.py
      hash: md5
      md5: 5cc8053bb31399ac16c4aa86b19d7242
      size: 1289
    outs:
    - path: models/model.pkl
      hash: md5
      md5: ccea9ea294172bf129f8a15163344bc0
      size: 486465
